
Microsoft Visual Studio Solution File, Format Version 12.00
# Visual Studio Version 17
VisualStudioVersion = 17.7.34024.191
MinimumVisualStudioVersion = 10.0.40219.1
Project("{FAE04EC0-301F-11D3-BF4B-00C04F79EFBC}") = "TrackerLibrary", "TrackerLibrary\TrackerLibrary.csproj", "{207CC135-6679-41AB-A364-2EADC8D9E71B}"
EndProject
Project("{FAE04EC0-301F-11D3-BF4B-00C04F79EFBC}") = "TrackerUI", "TrackerUI\TrackerUI.csproj", "{7221BECE-5BA8-4A56-ADDC-6079FD280BEE}"
EndProject
Global
	GlobalSection(SolutionConfigurationPlatforms) = preSolution
		Debug|Any CPU = Debug|Any CPU
		Release|Any CPU = Release|Any CPU
	EndGlobalSection
	GlobalSection(ProjectConfigurationPlatforms) = postSolution
		{207CC135-6679-41AB-A364-2EADC8D9E71B}.Debug|Any CPU.ActiveCfg = Debug|Any CPU
		{207CC135-6679-41AB-A364-2EADC8D9E71B}.Debug|Any CPU.Build.0 = Debug|Any CPU
		{207CC135-6679-41AB-A364-2EADC8D9E71B}.Release|Any CPU.ActiveCfg = Release|Any CPU
		{207CC135-6679-41AB-A364-2EADC8D9E71B}.Release|Any CPU.Build.0 = Release|Any CPU
		{7221BECE-5BA8-4A56-ADDC-6079FD280BEE}.Debug|Any CPU.ActiveCfg = Debug|Any CPU
		{7221BECE-5BA8-4A56-ADDC-6079FD280BEE}.Debug|Any CPU.Build.0 = Debug|Any CPU
		{7221BECE-5BA8-4A56-ADDC-6079FD280BEE}.Release|Any CPU.ActiveCfg = Release|Any CPU
		{7221BECE-5BA8-4A56-ADDC-6079FD280BEE}.Release|Any CPU.Build.0 = Release|Any CPU
	EndGlobalSection
	GlobalSection(SolutionProperties) = preSolution
		HideSolutionNode = FALSE
	EndGlobalSection
	GlobalSection(ExtensibilityGlobals) = postSolution
		SolutionGuid = {7FCE9C6B-4885-47F2-93D5-E3576E5D8511}
	EndGlobalSection
EndGlobal
